// !$*UTF8*$!
{
	archiveVersion = 1;
	classes = {
	};
	objectVersion = 50;
	objects = {

/* Begin PBXBuildFile section */
		3EFE0BB923CE3052003208D8 /* AppDelegate.swift in Sources */ = {isa = PBXBuildFile; fileRef = 3EFE0BB823CE3052003208D8 /* AppDelegate.swift */; };
		3EFE0BBB23CE3052003208D8 /* SceneDelegate.swift in Sources */ = {isa = PBXBuildFile; fileRef = 3EFE0BBA23CE3052003208D8 /* SceneDelegate.swift */; };
		3EFE0BC023CE3052003208D8 /* Main.storyboard in Resources */ = {isa = PBXBuildFile; fileRef = 3EFE0BBE23CE3052003208D8 /* Main.storyboard */; };
		3EFE0BC223CE3054003208D8 /* Assets.xcassets in Resources */ = {isa = PBXBuildFile; fileRef = 3EFE0BC123CE3054003208D8 /* Assets.xcassets */; };
		3EFE0BC523CE3054003208D8 /* LaunchScreen.storyboard in Resources */ = {isa = PBXBuildFile; fileRef = 3EFE0BC323CE3054003208D8 /* LaunchScreen.storyboard */; };
		3EFE0BCD23CE67F5003208D8 /* AlbumsTableViewController.swift in Sources */ = {isa = PBXBuildFile; fileRef = 3EFE0BCC23CE67F5003208D8 /* AlbumsTableViewController.swift */; };
		3EFE0BCF23CE91E2003208D8 /* AlbumDetailTableViewController.swift in Sources */ = {isa = PBXBuildFile; fileRef = 3EFE0BCE23CE91E2003208D8 /* AlbumDetailTableViewController.swift */; };
		3EFE0BD123CE9681003208D8 /* Album.swift in Sources */ = {isa = PBXBuildFile; fileRef = 3EFE0BD023CE9681003208D8 /* Album.swift */; };
		3EFE0BD323CE969E003208D8 /* song.swift in Sources */ = {isa = PBXBuildFile; fileRef = 3EFE0BD223CE969E003208D8 /* song.swift */; };
		3EFE0BD523CE96B4003208D8 /* AlbumController.swift in Sources */ = {isa = PBXBuildFile; fileRef = 3EFE0BD423CE96B4003208D8 /* AlbumController.swift */; };
		3EFE0BDA23CE973D003208D8 /* SongTableViewCell.swift in Sources */ = {isa = PBXBuildFile; fileRef = 3EFE0BD923CE973D003208D8 /* SongTableViewCell.swift */; };
/* End PBXBuildFile section */

/* Begin PBXFileReference section */
		3EFE0BB523CE3052003208D8 /* IOS -Albums.app */ = {isa = PBXFileReference; explicitFileType = wrapper.application; includeInIndex = 0; path = "IOS -Albums.app"; sourceTree = BUILT_PRODUCTS_DIR; };
		3EFE0BB823CE3052003208D8 /* AppDelegate.swift */ = {isa = PBXFileReference; lastKnownFileType = sourcecode.swift; path = AppDelegate.swift; sourceTree = "<group>"; };
		3EFE0BBA23CE3052003208D8 /* SceneDelegate.swift */ = {isa = PBXFileReference; lastKnownFileType = sourcecode.swift; path = SceneDelegate.swift; sourceTree = "<group>"; };
		3EFE0BBF23CE3052003208D8 /* Base */ = {isa = PBXFileReference; lastKnownFileType = file.storyboard; name = Base; path = Base.lproj/Main.storyboard; sourceTree = "<group>"; };
		3EFE0BC123CE3054003208D8 /* Assets.xcassets */ = {isa = PBXFileReference; lastKnownFileType = folder.assetcatalog; path = Assets.xcassets; sourceTree = "<group>"; };
		3EFE0BC423CE3054003208D8 /* Base */ = {isa = PBXFileReference; lastKnownFileType = file.storyboard; name = Base; path = Base.lproj/LaunchScreen.storyboard; sourceTree = "<group>"; };
		3EFE0BC623CE3054003208D8 /* Info.plist */ = {isa = PBXFileReference; lastKnownFileType = text.plist.xml; path = Info.plist; sourceTree = "<group>"; };
		3EFE0BCC23CE67F5003208D8 /* AlbumsTableViewController.swift */ = {isa = PBXFileReference; lastKnownFileType = sourcecode.swift; path = AlbumsTableViewController.swift; sourceTree = "<group>"; };
		3EFE0BCE23CE91E2003208D8 /* AlbumDetailTableViewController.swift */ = {isa = PBXFileReference; lastKnownFileType = sourcecode.swift; path = AlbumDetailTableViewController.swift; sourceTree = "<group>"; };
		3EFE0BD023CE9681003208D8 /* Album.swift */ = {isa = PBXFileReference; lastKnownFileType = sourcecode.swift; path = Album.swift; sourceTree = "<group>"; };
		3EFE0BD223CE969E003208D8 /* song.swift */ = {isa = PBXFileReference; lastKnownFileType = sourcecode.swift; path = song.swift; sourceTree = "<group>"; };
		3EFE0BD423CE96B4003208D8 /* AlbumController.swift */ = {isa = PBXFileReference; lastKnownFileType = sourcecode.swift; path = AlbumController.swift; sourceTree = "<group>"; };
		3EFE0BD923CE973D003208D8 /* SongTableViewCell.swift */ = {isa = PBXFileReference; lastKnownFileType = sourcecode.swift; path = SongTableViewCell.swift; sourceTree = "<group>"; };
/* End PBXFileReference section */

/* Begin PBXFrameworksBuildPhase section */
		3EFE0BB223CE3052003208D8 /* Frameworks */ = {
			isa = PBXFrameworksBuildPhase;
			buildActionMask = 2147483647;
			files = (
			);
			runOnlyForDeploymentPostprocessing = 0;
		};
/* End PBXFrameworksBuildPhase section */

/* Begin PBXGroup section */
		3EFE0BAC23CE3052003208D8 = {
			isa = PBXGroup;
			children = (
				3EFE0BB723CE3052003208D8 /* IOS -Albums */,
				3EFE0BB623CE3052003208D8 /* Products */,
			);
			sourceTree = "<group>";
		};
		3EFE0BB623CE3052003208D8 /* Products */ = {
			isa = PBXGroup;
			children = (
				3EFE0BB523CE3052003208D8 /* IOS -Albums.app */,
			);
			name = Products;
			sourceTree = "<group>";
		};
		3EFE0BB723CE3052003208D8 /* IOS -Albums */ = {
			isa = PBXGroup;
			children = (
				3EFE0BB823CE3052003208D8 /* AppDelegate.swift */,
				3EFE0BD623CE96BE003208D8 /* Controllers */,
				3EFE0BD823CE96EA003208D8 /* ViewControllers */,
				3EFE0BDB23CE9756003208D8 /* Views */,
				3EFE0BBA23CE3052003208D8 /* SceneDelegate.swift */,
				3EFE0BBE23CE3052003208D8 /* Main.storyboard */,
				3EFE0BC123CE3054003208D8 /* Assets.xcassets */,
				3EFE0BC323CE3054003208D8 /* LaunchScreen.storyboard */,
				3EFE0BC623CE3054003208D8 /* Info.plist */,
			);
			path = "IOS -Albums";
			sourceTree = "<group>";
		};
		3EFE0BD623CE96BE003208D8 /* Controllers */ = {
			isa = PBXGroup;
			children = (
				3EFE0BD423CE96B4003208D8 /* AlbumController.swift */,
				3EFE0BD723CE96D1003208D8 /* Models */,
			);
			path = Controllers;
			sourceTree = "<group>";
		};
		3EFE0BD723CE96D1003208D8 /* Models */ = {
			isa = PBXGroup;
			children = (
				3EFE0BD023CE9681003208D8 /* Album.swift */,
				3EFE0BD223CE969E003208D8 /* song.swift */,
			);
			path = Models;
			sourceTree = "<group>";
		};
		3EFE0BD823CE96EA003208D8 /* ViewControllers */ = {
			isa = PBXGroup;
			children = (
				3EFE0BCE23CE91E2003208D8 /* AlbumDetailTableViewController.swift */,
				3EFE0BCC23CE67F5003208D8 /* AlbumsTableViewController.swift */,
			);
			path = ViewControllers;
			sourceTree = "<group>";
		};
		3EFE0BDB23CE9756003208D8 /* Views */ = {
			isa = PBXGroup;
			children = (
				3EFE0BD923CE973D003208D8 /* SongTableViewCell.swift */,
			);
			path = Views;
			sourceTree = "<group>";
		};
/* End PBXGroup section */

/* Begin PBXNativeTarget section */
		3EFE0BB423CE3052003208D8 /* IOS -Albums */ = {
			isa = PBXNativeTarget;
			buildConfigurationList = 3EFE0BC923CE3054003208D8 /* Build configuration list for PBXNativeTarget "IOS -Albums" */;
			buildPhases = (
				3EFE0BB123CE3052003208D8 /* Sources */,
				3EFE0BB223CE3052003208D8 /* Frameworks */,
				3EFE0BB323CE3052003208D8 /* Resources */,
			);
			buildRules = (
			);
			dependencies = (
			);
			name = "IOS -Albums";
			productName = "IOS -Albums";
			productReference = 3EFE0BB523CE3052003208D8 /* IOS -Albums.app */;
			productType = "com.apple.product-type.application";
		};
/* End PBXNativeTarget section */

/* Begin PBXProject section */
		3EFE0BAD23CE3052003208D8 /* Project object */ = {
			isa = PBXProject;
			attributes = {
				LastSwiftUpdateCheck = 1130;
				LastUpgradeCheck = 1130;
				ORGANIZATIONNAME = "Nicolas Rios";
				TargetAttributes = {
					3EFE0BB423CE3052003208D8 = {
						CreatedOnToolsVersion = 11.3.1;
					};
				};
			};
			buildConfigurationList = 3EFE0BB023CE3052003208D8 /* Build configuration list for PBXProject "IOS -Albums" */;
			compatibilityVersion = "Xcode 9.3";
			developmentRegion = en;
			hasScannedForEncodings = 0;
			knownRegions = (
				en,
				Base,
			);
			mainGroup = 3EFE0BAC23CE3052003208D8;
			productRefGroup = 3EFE0BB623CE3052003208D8 /* Products */;
			projectDirPath = "";
			projectRoot = "";
			targets = (
				3EFE0BB423CE3052003208D8 /* IOS -Albums */,
			);
		};
/* End PBXProject section */

/* Begin PBXResourcesBuildPhase section */
		3EFE0BB323CE3052003208D8 /* Resources */ = {
			isa = PBXResourcesBuildPhase;
			buildActionMask = 2147483647;
			files = (
				3EFE0BC523CE3054003208D8 /* LaunchScreen.storyboard in Resources */,
				3EFE0BC223CE3054003208D8 /* Assets.xcassets in Resources */,
				3EFE0BC023CE3052003208D8 /* Main.storyboard in Resources */,
			);
			runOnlyForDeploymentPostprocessing = 0;
		};
/* End PBXResourcesBuildPhase section */

/* Begin PBXSourcesBuildPhase section */
		3EFE0BB123CE3052003208D8 /* Sources */ = {
			isa = PBXSourcesBuildPhase;
			buildActionMask = 2147483647;
			files = (
				3EFE0BCD23CE67F5003208D8 /* AlbumsTableViewController.swift in Sources */,
				3EFE0BB923CE3052003208D8 /* AppDelegate.swift in Sources */,
				3EFE0BD323CE969E003208D8 /* song.swift in Sources */,
				3EFE0BCF23CE91E2003208D8 /* AlbumDetailTableViewController.swift in Sources */,
				3EFE0BDA23CE973D003208D8 /* SongTableViewCell.swift in Sources */,
				3EFE0BD523CE96B4003208D8 /* AlbumController.swift in Sources */,
				3EFE0BBB23CE3052003208D8 /* SceneDelegate.swift in Sources */,
				3EFE0BD123CE9681003208D8 /* Album.swift in Sources */,
			);
			runOnlyForDeploymentPostprocessing = 0;
		};
/* End PBXSourcesBuildPhase section */

/* Begin PBXVariantGroup section */
		3EFE0BBE23CE3052003208D8 /* Main.storyboard */ = {
			isa = PBXVariantGroup;
			children = (
				3EFE0BBF23CE3052003208D8 /* Base */,
			);
			name = Main.storyboard;
			sourceTree = "<group>";
		};
		3EFE0BC323CE3054003208D8 /* LaunchScreen.storyboard */ = {
			isa = PBXVariantGroup;
			children = (
				3EFE0BC423CE3054003208D8 /* Base */,
			);
			name = LaunchScreen.storyboard;
			sourceTree = "<group>";
		};
/* End PBXVariantGroup section */

/* Begin XCBuildConfiguration section */
		3EFE0BC723CE3054003208D8 /* Debug */ = {
			isa = XCBuildConfiguration;
			buildSettings = {
				ALWAYS_SEARCH_USER_PATHS = NO;
				CLANG_ANALYZER_NONNULL = YES;
				CLANG_ANALYZER_NUMBER_OBJECT_CONVERSION = YES_AGGRESSIVE;
				CLANG_CXX_LANGUAGE_STANDARD = "gnu++14";
				CLANG_CXX_LIBRARY = "libc++";
				CLANG_ENABLE_MODULES = YES;
				CLANG_ENABLE_OBJC_ARC = YES;
				CLANG_ENABLE_OBJC_WEAK = YES;
				CLANG_WARN_BLOCK_CAPTURE_AUTORELEASING = YES;
				CLANG_WARN_BOOL_CONVERSION = YES;
				CLANG_WARN_COMMA = YES;
				CLANG_WARN_CONSTANT_CONVERSION = YES;
				CLANG_WARN_DEPRECATED_OBJC_IMPLEMENTATIONS = YES;
				CLANG_WARN_DIRECT_OBJC_ISA_USAGE = YES_ERROR;
				CLANG_WARN_DOCUMENTATION_COMMENTS = YES;
				CLANG_WARN_EMPTY_BODY = YES;
				CLANG_WARN_ENUM_CONVERSION = YES;
				CLANG_WARN_INFINITE_RECURSION = YES;
				CLANG_WARN_INT_CONVERSION = YES;
				CLANG_WARN_NON_LITERAL_NULL_CONVERSION = YES;
				CLANG_WARN_OBJC_IMPLICIT_RETAIN_SELF = YES;
				CLANG_WARN_OBJC_LITERAL_CONVERSION = YES;
				CLANG_WARN_OBJC_ROOT_CLASS = YES_ERROR;
				CLANG_WARN_RANGE_LOOP_ANALYSIS = YES;
				CLANG_WARN_STRICT_PROTOTYPES = YES;
				CLANG_WARN_SUSPICIOUS_MOVE = YES;
				CLANG_WARN_UNGUARDED_AVAILABILITY = YES_AGGRESSIVE;
				CLANG_WARN_UNREACHABLE_CODE = YES;
				CLANG_WARN__DUPLICATE_METHOD_MATCH = YES;
				COPY_PHASE_STRIP = NO;
				DEBUG_INFORMATION_FORMAT = dwarf;
				ENABLE_STRICT_OBJC_MSGSEND = YES;
				ENABLE_TESTABILITY = YES;
				GCC_C_LANGUAGE_STANDARD = gnu11;
				GCC_DYNAMIC_NO_PIC = NO;
				GCC_NO_COMMON_BLOCKS = YES;
				GCC_OPTIMIZATION_LEVEL = 0;
				GCC_PREPROCESSOR_DEFINITIONS = (
					"DEBUG=1",
					"$(inherited)",
				);
				GCC_WARN_64_TO_32_BIT_CONVERSION = YES;
				GCC_WARN_ABOUT_RETURN_TYPE = YES_ERROR;
				GCC_WARN_UNDECLARED_SELECTOR = YES;
				GCC_WARN_UNINITIALIZED_AUTOS = YES_AGGRESSIVE;
				GCC_WARN_UNUSED_FUNCTION = YES;
				GCC_WARN_UNUSED_VARIABLE = YES;
				IPHONEOS_DEPLOYMENT_TARGET = 13.2;
				MTL_ENABLE_DEBUG_INFO = INCLUDE_SOURCE;
				MTL_FAST_MATH = YES;
				ONLY_ACTIVE_ARCH = YES;
				SDKROOT = iphoneos;
				SWIFT_ACTIVE_COMPILATION_CONDITIONS = DEBUG;
				SWIFT_OPTIMIZATION_LEVEL = "-Onone";
			};
			name = Debug;
		};
		3EFE0BC823CE3054003208D8 /* Release */ = {
			isa = XCBuildConfiguration;
			buildSettings = {
				ALWAYS_SEARCH_USER_PATHS = NO;
				CLANG_ANALYZER_NONNULL = YES;
				CLANG_ANALYZER_NUMBER_OBJECT_CONVERSION = YES_AGGRESSIVE;
				CLANG_CXX_LANGUAGE_STANDARD = "gnu++14";
				CLANG_CXX_LIBRARY = "libc++";
				CLANG_ENABLE_MODULES = YES;
				CLANG_ENABLE_OBJC_ARC = YES;
				CLANG_ENABLE_OBJC_WEAK = YES;
				CLANG_WARN_BLOCK_CAPTURE_AUTORELEASING = YES;
				CLANG_WARN_BOOL_CONVERSION = YES;
				CLANG_WARN_COMMA = YES;
				CLANG_WARN_CONSTANT_CONVERSION = YES;
				CLANG_WARN_DEPRECATED_OBJC_IMPLEMENTATIONS = YES;
				CLANG_WARN_DIRECT_OBJC_ISA_USAGE = YES_ERROR;
				CLANG_WARN_DOCUMENTATION_COMMENTS = YES;
				CLANG_WARN_EMPTY_BODY = YES;
				CLANG_WARN_ENUM_CONVERSION = YES;
				CLANG_WARN_INFINITE_RECURSION = YES;
				CLANG_WARN_INT_CONVERSION = YES;
				CLANG_WARN_NON_LITERAL_NULL_CONVERSION = YES;
				CLANG_WARN_OBJC_IMPLICIT_RETAIN_SELF = YES;
				CLANG_WARN_OBJC_LITERAL_CONVERSION = YES;
				CLANG_WARN_OBJC_ROOT_CLASS = YES_ERROR;
				CLANG_WARN_RANGE_LOOP_ANALYSIS = YES;
				CLANG_WARN_STRICT_PROTOTYPES = YES;
				CLANG_WARN_SUSPICIOUS_MOVE = YES;
				CLANG_WARN_UNGUARDED_AVAILABILITY = YES_AGGRESSIVE;
				CLANG_WARN_UNREACHABLE_CODE = YES;
				CLANG_WARN__DUPLICATE_METHOD_MATCH = YES;
				COPY_PHASE_STRIP = NO;
				DEBUG_INFORMATION_FORMAT = "dwarf-with-dsym";
				ENABLE_NS_ASSERTIONS = NO;
				ENABLE_STRICT_OBJC_MSGSEND = YES;
				GCC_C_LANGUAGE_STANDARD = gnu11;
				GCC_NO_COMMON_BLOCKS = YES;
				GCC_WARN_64_TO_32_BIT_CONVERSION = YES;
				GCC_WARN_ABOUT_RETURN_TYPE = YES_ERROR;
				GCC_WARN_UNDECLARED_SELECTOR = YES;
				GCC_WARN_UNINITIALIZED_AUTOS = YES_AGGRESSIVE;
				GCC_WARN_UNUSED_FUNCTION = YES;
				GCC_WARN_UNUSED_VARIABLE = YES;
				IPHONEOS_DEPLOYMENT_TARGET = 13.2;
				MTL_ENABLE_DEBUG_INFO = NO;
				MTL_FAST_MATH = YES;
				SDKROOT = iphoneos;
				SWIFT_COMPILATION_MODE = wholemodule;
				SWIFT_OPTIMIZATION_LEVEL = "-O";
				VALIDATE_PRODUCT = YES;
			};
			name = Release;
		};
		3EFE0BCA23CE3054003208D8 /* Debug */ = {
			isa = XCBuildConfiguration;
			buildSettings = {
				ASSETCATALOG_COMPILER_APPICON_NAME = AppIcon;
				CODE_SIGN_STYLE = Automatic;
				DEVELOPMENT_TEAM = Y9UNY8645A;
				INFOPLIST_FILE = "IOS -Albums/Info.plist";
				LD_RUNPATH_SEARCH_PATHS = (
					"$(inherited)",
					"@executable_path/Frameworks",
				);
				PRODUCT_BUNDLE_IDENTIFIER = "com.codewithnick.IOS--Albums";
				PRODUCT_NAME = "$(TARGET_NAME)";
				SWIFT_VERSION = 5.0;
				TARGETED_DEVICE_FAMILY = "1,2";
			};
			name = Debug;
		};
		3EFE0BCB23CE3054003208D8 /* Release */ = {
			isa = XCBuildConfiguration;
			buildSettings = {
				ASSETCATALOG_COMPILER_APPICON_NAME = AppIcon;
				CODE_SIGN_STYLE = Automatic;
				DEVELOPMENT_TEAM = Y9UNY8645A;
				INFOPLIST_FILE = "IOS -Albums/Info.plist";
				LD_RUNPATH_SEARCH_PATHS = (
					"$(inherited)",
					"@executable_path/Frameworks",
				);
				PRODUCT_BUNDLE_IDENTIFIER = "com.codewithnick.IOS--Albums";
				PRODUCT_NAME = "$(TARGET_NAME)";
				SWIFT_VERSION = 5.0;
				TARGETED_DEVICE_FAMILY = "1,2";
			};
			name = Release;
		};
/* End XCBuildConfiguration section */

/* Begin XCConfigurationList section */
		3EFE0BB023CE3052003208D8 /* Build configuration list for PBXProject "IOS -Albums" */ = {
			isa = XCConfigurationList;
			buildConfigurations = (
				3EFE0BC723CE3054003208D8 /* Debug */,
				3EFE0BC823CE3054003208D8 /* Release */,
			);
			defaultConfigurationIsVisible = 0;
			defaultConfigurationName = Release;
		};
		3EFE0BC923CE3054003208D8 /* Build configuration list for PBXNativeTarget "IOS -Albums" */ = {
			isa = XCConfigurationList;
			buildConfigurations = (
				3EFE0BCA23CE3054003208D8 /* Debug */,
				3EFE0BCB23CE3054003208D8 /* Release */,
			);
			defaultConfigurationIsVisible = 0;
			defaultConfigurationName = Release;
		};
/* End XCConfigurationList section */
	};
	rootObject = 3EFE0BAD23CE3052003208D8 /* Project object */;
}
